
Microsoft Visual Studio Solution File, Format Version 12.00
# Visual Studio Version 17
VisualStudioVersion = 17.4.33103.184
MinimumVisualStudioVersion = 10.0.40219.1
Project("{9A19103F-16F7-4668-BE54-9A1E7A4F7556}") = "MagicVilla_API", "MagicVilla_API.csproj", "{9BB0C5ED-2603-4CEC-AD9B-A8469C30D302}"
EndProject
Project("{FAE04EC0-301F-11D3-BF4B-00C04F79EFBC}") = "MagicVilla_Web", "..\MagicVilla_Web\MagicVilla_Web.csproj", "{1CB07F7D-D59E-4A23-AAC5-ED247229A65D}"
EndProject
Global
	GlobalSection(SolutionConfigurationPlatforms) = preSolution
		Debug|Any CPU = Debug|Any CPU
		Release|Any CPU = Release|Any CPU
	EndGlobalSection
	GlobalSection(ProjectConfigurationPlatforms) = postSolution
		{9BB0C5ED-2603-4CEC-AD9B-A8469C30D302}.Debug|Any CPU.ActiveCfg = Debug|Any CPU
		{9BB0C5ED-2603-4CEC-AD9B-A8469C30D302}.Debug|Any CPU.Build.0 = Debug|Any CPU
		{9BB0C5ED-2603-4CEC-AD9B-A8469C30D302}.Release|Any CPU.ActiveCfg = Release|Any CPU
		{9BB0C5ED-2603-4CEC-AD9B-A8469C30D302}.Release|Any CPU.Build.0 = Release|Any CPU
		{1CB07F7D-D59E-4A23-AAC5-ED247229A65D}.Debug|Any CPU.ActiveCfg = Debug|Any CPU
		{1CB07F7D-D59E-4A23-AAC5-ED247229A65D}.Debug|Any CPU.Build.0 = Debug|Any CPU
		{1CB07F7D-D59E-4A23-AAC5-ED247229A65D}.Release|Any CPU.ActiveCfg = Release|Any CPU
		{1CB07F7D-D59E-4A23-AAC5-ED247229A65D}.Release|Any CPU.Build.0 = Release|Any CPU
	EndGlobalSection
	GlobalSection(SolutionProperties) = preSolution
		HideSolutionNode = FALSE
	EndGlobalSection
	GlobalSection(ExtensibilityGlobals) = postSolution
		SolutionGuid = {0C836B0C-11AA-4818-9F4A-DB8E65329935}
	EndGlobalSection
EndGlobal
